
Microsoft Visual Studio Solution File, Format Version 12.00
# Visual Studio Version 16
VisualStudioVersion = 16.0.30011.22
MinimumVisualStudioVersion = 10.0.40219.1
Project("{FAE04EC0-301F-11D3-BF4B-00C04F79EFBC}") = "ConsoleApp9", "ConsoleApp9.csproj", "{691B084E-C225-4749-9EB4-9F51B70824FE}"
EndProject
Global
	GlobalSection(SolutionConfigurationPlatforms) = preSolution
		Debug|Any CPU = Debug|Any CPU
		Release|Any CPU = Release|Any CPU
	EndGlobalSection
	GlobalSection(ProjectConfigurationPlatforms) = postSolution
		{691B084E-C225-4749-9EB4-9F51B70824FE}.Debug|Any CPU.ActiveCfg = Debug|Any CPU
		{691B084E-C225-4749-9EB4-9F51B70824FE}.Debug|Any CPU.Build.0 = Debug|Any CPU
		{691B084E-C225-4749-9EB4-9F51B70824FE}.Release|Any CPU.ActiveCfg = Release|Any CPU
		{691B084E-C225-4749-9EB4-9F51B70824FE}.Release|Any CPU.Build.0 = Release|Any CPU
	EndGlobalSection
	GlobalSection(SolutionProperties) = preSolution
		HideSolutionNode = FALSE
	EndGlobalSection
	GlobalSection(ExtensibilityGlobals) = postSolution
		SolutionGuid = {6596D93B-0A88-4EFE-B632-47F293911497}
	EndGlobalSection
EndGlobal
