
Microsoft Visual Studio Solution File, Format Version 12.00
# Visual Studio Version 16
VisualStudioVersion = 16.0.30804.86
MinimumVisualStudioVersion = 10.0.40219.1
Project("{FAE04EC0-301F-11D3-BF4B-00C04F79EFBC}") = "ConsoleApp20", "ConsoleApp20.csproj", "{457C17ED-D32E-48FE-92D9-D114D139023E}"
EndProject
Global
	GlobalSection(SolutionConfigurationPlatforms) = preSolution
		Debug|Any CPU = Debug|Any CPU
		Release|Any CPU = Release|Any CPU
	EndGlobalSection
	GlobalSection(ProjectConfigurationPlatforms) = postSolution
		{457C17ED-D32E-48FE-92D9-D114D139023E}.Debug|Any CPU.ActiveCfg = Debug|Any CPU
		{457C17ED-D32E-48FE-92D9-D114D139023E}.Debug|Any CPU.Build.0 = Debug|Any CPU
		{457C17ED-D32E-48FE-92D9-D114D139023E}.Release|Any CPU.ActiveCfg = Release|Any CPU
		{457C17ED-D32E-48FE-92D9-D114D139023E}.Release|Any CPU.Build.0 = Release|Any CPU
	EndGlobalSection
	GlobalSection(SolutionProperties) = preSolution
		HideSolutionNode = FALSE
	EndGlobalSection
	GlobalSection(ExtensibilityGlobals) = postSolution
		SolutionGuid = {D4DD8ED4-EF4C-4B81-822A-091E5B00E80B}
	EndGlobalSection
EndGlobal
