
Microsoft Visual Studio Solution File, Format Version 12.00
# Visual Studio Version 16
VisualStudioVersion = 16.0.30804.86
MinimumVisualStudioVersion = 10.0.40219.1
Project("{FAE04EC0-301F-11D3-BF4B-00C04F79EFBC}") = "ConsoleApp43", "ConsoleApp43.csproj", "{EEA92ECF-62C7-458E-BAE1-8FA15BCAC6E8}"
EndProject
Global
	GlobalSection(SolutionConfigurationPlatforms) = preSolution
		Debug|Any CPU = Debug|Any CPU
		Release|Any CPU = Release|Any CPU
	EndGlobalSection
	GlobalSection(ProjectConfigurationPlatforms) = postSolution
		{EEA92ECF-62C7-458E-BAE1-8FA15BCAC6E8}.Debug|Any CPU.ActiveCfg = Debug|Any CPU
		{EEA92ECF-62C7-458E-BAE1-8FA15BCAC6E8}.Debug|Any CPU.Build.0 = Debug|Any CPU
		{EEA92ECF-62C7-458E-BAE1-8FA15BCAC6E8}.Release|Any CPU.ActiveCfg = Release|Any CPU
		{EEA92ECF-62C7-458E-BAE1-8FA15BCAC6E8}.Release|Any CPU.Build.0 = Release|Any CPU
	EndGlobalSection
	GlobalSection(SolutionProperties) = preSolution
		HideSolutionNode = FALSE
	EndGlobalSection
	GlobalSection(ExtensibilityGlobals) = postSolution
		SolutionGuid = {7FD1888D-07E7-46C0-889D-69F758D95898}
	EndGlobalSection
EndGlobal
