
Microsoft Visual Studio Solution File, Format Version 12.00
# Visual Studio Version 16
VisualStudioVersion = 16.0.30011.22
MinimumVisualStudioVersion = 10.0.40219.1
Project("{FAE04EC0-301F-11D3-BF4B-00C04F79EFBC}") = "ConsoleApp4", "ConsoleApp4.csproj", "{029E5D56-B501-4B65-BC31-71DB3BED8409}"
EndProject
Global
	GlobalSection(SolutionConfigurationPlatforms) = preSolution
		Debug|Any CPU = Debug|Any CPU
		Release|Any CPU = Release|Any CPU
	EndGlobalSection
	GlobalSection(ProjectConfigurationPlatforms) = postSolution
		{029E5D56-B501-4B65-BC31-71DB3BED8409}.Debug|Any CPU.ActiveCfg = Debug|Any CPU
		{029E5D56-B501-4B65-BC31-71DB3BED8409}.Debug|Any CPU.Build.0 = Debug|Any CPU
		{029E5D56-B501-4B65-BC31-71DB3BED8409}.Release|Any CPU.ActiveCfg = Release|Any CPU
		{029E5D56-B501-4B65-BC31-71DB3BED8409}.Release|Any CPU.Build.0 = Release|Any CPU
	EndGlobalSection
	GlobalSection(SolutionProperties) = preSolution
		HideSolutionNode = FALSE
	EndGlobalSection
	GlobalSection(ExtensibilityGlobals) = postSolution
		SolutionGuid = {9D446E1F-0972-4F70-B1B4-F3F4590377A3}
	EndGlobalSection
EndGlobal
