
Microsoft Visual Studio Solution File, Format Version 12.00
# Visual Studio Version 16
VisualStudioVersion = 16.0.30804.86
MinimumVisualStudioVersion = 10.0.40219.1
Project("{FAE04EC0-301F-11D3-BF4B-00C04F79EFBC}") = "ConsoleApp31", "ConsoleApp31.csproj", "{A448A6CD-4D5C-4DA3-97AE-9EF06D1D2A0F}"
EndProject
Global
	GlobalSection(SolutionConfigurationPlatforms) = preSolution
		Debug|Any CPU = Debug|Any CPU
		Release|Any CPU = Release|Any CPU
	EndGlobalSection
	GlobalSection(ProjectConfigurationPlatforms) = postSolution
		{A448A6CD-4D5C-4DA3-97AE-9EF06D1D2A0F}.Debug|Any CPU.ActiveCfg = Debug|Any CPU
		{A448A6CD-4D5C-4DA3-97AE-9EF06D1D2A0F}.Debug|Any CPU.Build.0 = Debug|Any CPU
		{A448A6CD-4D5C-4DA3-97AE-9EF06D1D2A0F}.Release|Any CPU.ActiveCfg = Release|Any CPU
		{A448A6CD-4D5C-4DA3-97AE-9EF06D1D2A0F}.Release|Any CPU.Build.0 = Release|Any CPU
	EndGlobalSection
	GlobalSection(SolutionProperties) = preSolution
		HideSolutionNode = FALSE
	EndGlobalSection
	GlobalSection(ExtensibilityGlobals) = postSolution
		SolutionGuid = {CEF0E234-3722-49DD-9389-47402016C2F9}
	EndGlobalSection
EndGlobal
