
Microsoft Visual Studio Solution File, Format Version 12.00
# Visual Studio Version 16
VisualStudioVersion = 16.0.30804.86
MinimumVisualStudioVersion = 10.0.40219.1
Project("{FAE04EC0-301F-11D3-BF4B-00C04F79EFBC}") = "WindowsFormsApp7", "WindowsFormsApp7.csproj", "{EA50A45E-61AE-48E0-A6D1-8DD33C62C036}"
EndProject
Global
	GlobalSection(SolutionConfigurationPlatforms) = preSolution
		Debug|Any CPU = Debug|Any CPU
		Release|Any CPU = Release|Any CPU
	EndGlobalSection
	GlobalSection(ProjectConfigurationPlatforms) = postSolution
		{EA50A45E-61AE-48E0-A6D1-8DD33C62C036}.Debug|Any CPU.ActiveCfg = Debug|Any CPU
		{EA50A45E-61AE-48E0-A6D1-8DD33C62C036}.Debug|Any CPU.Build.0 = Debug|Any CPU
		{EA50A45E-61AE-48E0-A6D1-8DD33C62C036}.Release|Any CPU.ActiveCfg = Release|Any CPU
		{EA50A45E-61AE-48E0-A6D1-8DD33C62C036}.Release|Any CPU.Build.0 = Release|Any CPU
	EndGlobalSection
	GlobalSection(SolutionProperties) = preSolution
		HideSolutionNode = FALSE
	EndGlobalSection
	GlobalSection(ExtensibilityGlobals) = postSolution
		SolutionGuid = {F7BA4120-1435-401E-AA20-00ADA661A3B8}
	EndGlobalSection
EndGlobal
