
Microsoft Visual Studio Solution File, Format Version 12.00
# Visual Studio Version 16
VisualStudioVersion = 16.0.30804.86
MinimumVisualStudioVersion = 10.0.40219.1
Project("{FAE04EC0-301F-11D3-BF4B-00C04F79EFBC}") = "WindowsFormsApp4-Game-Ivailo 11A", "WindowsFormsApp4-Game-Ivailo 11A.csproj", "{DBAFF3CF-E38C-4510-857B-29F0AD3DF632}"
EndProject
Global
	GlobalSection(SolutionConfigurationPlatforms) = preSolution
		Debug|Any CPU = Debug|Any CPU
		Release|Any CPU = Release|Any CPU
	EndGlobalSection
	GlobalSection(ProjectConfigurationPlatforms) = postSolution
		{DBAFF3CF-E38C-4510-857B-29F0AD3DF632}.Debug|Any CPU.ActiveCfg = Debug|Any CPU
		{DBAFF3CF-E38C-4510-857B-29F0AD3DF632}.Debug|Any CPU.Build.0 = Debug|Any CPU
		{DBAFF3CF-E38C-4510-857B-29F0AD3DF632}.Release|Any CPU.ActiveCfg = Release|Any CPU
		{DBAFF3CF-E38C-4510-857B-29F0AD3DF632}.Release|Any CPU.Build.0 = Release|Any CPU
	EndGlobalSection
	GlobalSection(SolutionProperties) = preSolution
		HideSolutionNode = FALSE
	EndGlobalSection
	GlobalSection(ExtensibilityGlobals) = postSolution
		SolutionGuid = {BB5C9818-1EFA-43D3-BB42-22C46AA79786}
	EndGlobalSection
EndGlobal
