
Microsoft Visual Studio Solution File, Format Version 12.00
# Visual Studio Version 16
VisualStudioVersion = 16.0.30804.86
MinimumVisualStudioVersion = 10.0.40219.1
Project("{FAE04EC0-301F-11D3-BF4B-00C04F79EFBC}") = "ConsoleApp33", "ConsoleApp33.csproj", "{C461B8EB-7005-475F-AD48-041526221CCC}"
EndProject
Global
	GlobalSection(SolutionConfigurationPlatforms) = preSolution
		Debug|Any CPU = Debug|Any CPU
		Release|Any CPU = Release|Any CPU
	EndGlobalSection
	GlobalSection(ProjectConfigurationPlatforms) = postSolution
		{C461B8EB-7005-475F-AD48-041526221CCC}.Debug|Any CPU.ActiveCfg = Debug|Any CPU
		{C461B8EB-7005-475F-AD48-041526221CCC}.Debug|Any CPU.Build.0 = Debug|Any CPU
		{C461B8EB-7005-475F-AD48-041526221CCC}.Release|Any CPU.ActiveCfg = Release|Any CPU
		{C461B8EB-7005-475F-AD48-041526221CCC}.Release|Any CPU.Build.0 = Release|Any CPU
	EndGlobalSection
	GlobalSection(SolutionProperties) = preSolution
		HideSolutionNode = FALSE
	EndGlobalSection
	GlobalSection(ExtensibilityGlobals) = postSolution
		SolutionGuid = {DE95A181-3E8D-4F22-B8E5-5096DEBB3490}
	EndGlobalSection
EndGlobal
