
Microsoft Visual Studio Solution File, Format Version 12.00
# Visual Studio Version 16
VisualStudioVersion = 16.0.30804.86
MinimumVisualStudioVersion = 10.0.40219.1
Project("{FAE04EC0-301F-11D3-BF4B-00C04F79EFBC}") = "WindowsFormsApp9", "WindowsFormsApp9.csproj", "{70980C3D-4232-494B-AEF3-2BD640FB09F8}"
EndProject
Global
	GlobalSection(SolutionConfigurationPlatforms) = preSolution
		Debug|Any CPU = Debug|Any CPU
		Release|Any CPU = Release|Any CPU
	EndGlobalSection
	GlobalSection(ProjectConfigurationPlatforms) = postSolution
		{70980C3D-4232-494B-AEF3-2BD640FB09F8}.Debug|Any CPU.ActiveCfg = Debug|Any CPU
		{70980C3D-4232-494B-AEF3-2BD640FB09F8}.Debug|Any CPU.Build.0 = Debug|Any CPU
		{70980C3D-4232-494B-AEF3-2BD640FB09F8}.Release|Any CPU.ActiveCfg = Release|Any CPU
		{70980C3D-4232-494B-AEF3-2BD640FB09F8}.Release|Any CPU.Build.0 = Release|Any CPU
	EndGlobalSection
	GlobalSection(SolutionProperties) = preSolution
		HideSolutionNode = FALSE
	EndGlobalSection
	GlobalSection(ExtensibilityGlobals) = postSolution
		SolutionGuid = {8A33A74B-C38E-4103-9CC1-42500BDC2195}
	EndGlobalSection
EndGlobal
